# This file is autogenerated, do not edit; changes may be undone by the next 'dep ensure'.


[[projects]]
  branch = "master"
  digest = "1:4d9f8cbc27ad7a272ff97acdfbffe3594c2455b644cc19fcb9d7f4a37d6d9c7f"
  name = "github.com/asaskevich/EventBus"
  packages = ["."]
  pruneopts = "UT"
  revision = "4fc0642a29f392d9caa94cdb7503d2b676e3f442"

[[projects]]
  branch = "forceColors"
  digest = "1:7e7bba13d5e783446bdf740c884aaa188bc9215f015cfb0e993b4d42863a70de"
  name = "github.com/azer/logger"
  packages = ["."]
  pruneopts = "UT"
  revision = "89037003476c9c4ac53078a67fd6eb1475c5d318"
  source = "github.com/bitspill/logger"

[[projects]]
  branch = "master"
  digest = "1:5bb39800fb8328d30967c7f2d8d0f6cac993967d60fd9df2cf52d598212468b8"
  name = "github.com/bitspill/flod"
  packages = [
    "chaincfg",
    "chaincfg/chainhash",
    "floec",
    "flojson",
    "rpcclient",
    "txscript",
    "wire",
  ]
  pruneopts = "UT"
  revision = "bf2a74ee75eef512bbf25a1dd5eee933c481b1a6"

[[projects]]
  branch = "master"
  digest = "1:ed558a32a5da72dc5722f6570a64af1f20c84ff60b0ea2dd885069ef7f1f5705"
  name = "github.com/bitspill/flosig"
  packages = ["."]
  pruneopts = "UT"
  revision = "11583367a86ed920aab3363a282d70bd97b16c97"

[[projects]]
  branch = "master"
  digest = "1:dd13670df2d9147341e4accd1c3d050c402cd93fa807c2d1bda47fe5a3072ec1"
  name = "github.com/bitspill/floutil"
  packages = [
    ".",
    "base58",
    "bech32",
  ]
  pruneopts = "UT"
  revision = "986e42f96cdbe75a773f74a4c98d52dfdaea36a6"

[[projects]]
  branch = "master"
  digest = "1:25d8ccdfe8316c334ccc9d02b85ea58bc12dc243b187f7334ee9b0d7720b9410"
  name = "github.com/bitspill/protoPatch"
  packages = ["."]
  pruneopts = "UT"
  revision = "2fc5c45548cd727a8a3b339cbfe29d4fa38df2d9"

[[projects]]
  branch = "master"
  digest = "1:30d4a548e09bca4a0c77317c58e7407e2a65c15325e944f9c08a7b7992f8a59e"
  name = "github.com/btcsuite/btclog"
  packages = ["."]
  pruneopts = "UT"
  revision = "84c8d2346e9fc8c7b947e243b9c24e6df9fd206a"

[[projects]]
  branch = "master"
  digest = "1:1e6b2f7aa98b082c30a1303c29a702c369b2ec6d86b74a599bc8bbe2333db299"
  name = "github.com/btcsuite/go-socks"
  packages = ["socks"]
  pruneopts = "UT"
  revision = "4720035b7bfd2a9bb130b1c184f8bbe41b6f0d0f"

[[projects]]
  branch = "master"
  digest = "1:0b2242fd2f4f51fb491e97e204464f75da680897a0db10ec7554c87b71b5afc3"
  name = "github.com/btcsuite/websocket"
  packages = ["."]
  pruneopts = "UT"
  revision = "31079b6807923eb23992c421b114992b95131b55"

[[projects]]
  branch = "master"
  digest = "1:643fe12757fc28604199954aa88738b60c4beacbdfefa4a3aa943e8383ffbcc1"
  name = "github.com/cloudflare/backoff"
  packages = ["."]
  pruneopts = "UT"
  revision = "647f3cdfc87a18586e279c97afd6526d01b0d063"

[[projects]]
  digest = "1:ffe9824d294da03b391f44e1ae8281281b4afc1bdaa9588c9097785e3af10cec"
  name = "github.com/davecgh/go-spew"
  packages = ["spew"]
  pruneopts = "UT"
  revision = "8991bc29aa16c548c550c7ff78260e27b9ab7c73"
  version = "v1.1.1"

[[projects]]
  digest = "1:6f9339c912bbdda81302633ad7e99a28dfa5a639c864061f1929510a9a64aa74"
  name = "github.com/dustin/go-humanize"
  packages = ["."]
  pruneopts = "UT"
  revision = "9f541cc9db5d55bce703bd99987c9d5cb8eea45e"
  version = "v1.0.0"

[[projects]]
  digest = "1:55672a73a23bb7e4f59691db22eb3939e748d410320fd63d3bfc328c0037ef70"
  name = "github.com/evanphx/json-patch"
  packages = ["."]
  pruneopts = "UT"
  revision = "63b09d42374be6de7cff01f036f467438066a6eb"
  version = "v4.7.0"

[[projects]]
  digest = "1:80057945464ffb5b0da1f026beb8df0e8dbd098eaf771a349291bed2cd29a83e"
  name = "github.com/fsnotify/fsnotify"
  packages = ["."]
  pruneopts = "UT"
  revision = "45d7d09e39ef4ac08d493309fa031790c15bfe8a"
  version = "v1.4.9"

[[projects]]
  digest = "1:4be32eaa2aff0bac6ccb3cacd9a84b3bc79c1f8ec00765b03d4a8f5cc542cdaa"
  name = "github.com/gobuffalo/logger"
  packages = ["."]
  pruneopts = "UT"
  revision = "fe10b71a76d5acb502f99cd88d1fd28062906dac"
  version = "v1.0.3"

[[projects]]
  digest = "1:ea1dc40f7a6757babdd1f43e57b8c4a3740c112bbfcb8185221838fde7733d2d"
  name = "github.com/gobuffalo/packd"
  packages = [
    ".",
    "internal/takeon/github.com/markbates/errx",
  ]
  pruneopts = "UT"
  revision = "128b5da43f114d0f9af8b4bba549b02e3496dfa8"
  version = "v1.0.0"

[[projects]]
  digest = "1:0fd20d07db5963e7934eddacfc3567f827b29a5f771924ba1e2c1effb33669bb"
  name = "github.com/gobuffalo/packr"
  packages = [
    "v2",
    "v2/file",
    "v2/file/resolver",
    "v2/file/resolver/encoding/hex",
    "v2/jam/parser",
    "v2/plog",
  ]
  pruneopts = "UT"
  revision = "c6a5045204dacffbe11d9f6c68485ae7e7fe3d19"
  version = "v2.8.0"

[[projects]]
  digest = "1:9d2705f9d2e7da697c24b2ab104567b155107b2aad26ca615973c0a8f02f757a"
  name = "github.com/golang/protobuf"
  packages = [
    "jsonpb",
    "proto",
    "protoc-gen-go/descriptor",
    "ptypes",
    "ptypes/any",
    "ptypes/duration",
    "ptypes/empty",
    "ptypes/struct",
    "ptypes/timestamp",
    "ptypes/wrappers",
  ]
  pruneopts = "UT"
  revision = "d04d7b157bb510b1e0c10132224b616ac0e26b17"
  version = "v1.4.2"

[[projects]]
  digest = "1:b117faf01abdbdadd7b8ceeae74cd1369c1b073fef41aee8b674c9d704a54c16"
  name = "github.com/gorilla/handlers"
  packages = ["."]
  pruneopts = "UT"
  revision = "8a3748addc242fc560bd6d4ff28b0374c010b1b4"
  version = "v1.4.2"

[[projects]]
  digest = "1:25ebe6496abb289ef977c081b2d49f56dd97c32db4ca083d37f95923909ced02"
  name = "github.com/gorilla/mux"
  packages = ["."]
  pruneopts = "UT"
  revision = "75dcda0896e109a2a22c9315bca3bb21b87b2ba5"
  version = "v1.7.4"

[[projects]]
  digest = "1:e631368e174090a276fc00b48283f92ac4ccfbbb1945bcfcee083f5f9210dc00"
  name = "github.com/hashicorp/golang-lru"
  packages = [
    ".",
    "simplelru",
  ]
  pruneopts = "UT"
  revision = "14eae340515388ca95aa8e7b86f0de668e981f54"
  version = "v0.5.4"

[[projects]]
  digest = "1:c0d19ab64b32ce9fe5cf4ddceba78d5bc9807f0016db6b1183599da3dcc24d10"
  name = "github.com/hashicorp/hcl"
  packages = [
    ".",
    "hcl/ast",
    "hcl/parser",
    "hcl/printer",
    "hcl/scanner",
    "hcl/strconv",
    "hcl/token",
    "json/parser",
    "json/scanner",
    "json/token",
  ]
  pruneopts = "UT"
  revision = "8cb6e5b959231cc1119e43259c4a608f9c51a241"
  version = "v1.0.0"

[[projects]]
  digest = "1:8ac1dcd4d1dc3c4ba7e6d24da60f36d314ec4ce6901ee9a721c9869d584b1156"
  name = "github.com/jhump/protoreflect"
  packages = [
    "codec",
    "desc",
    "desc/builder",
    "desc/internal",
    "dynamic",
    "internal",
    "internal/codec",
  ]
  pruneopts = "UT"
  revision = "93246e23ccdf09f2739a50e980e5e9188fc67a90"
  version = "v1.7.0"

[[projects]]
  digest = "1:7d7ccfe00918baede5a3daf233bad41bb922692f58a57a687f8b010e207a167b"
  name = "github.com/json-iterator/go"
  packages = ["."]
  pruneopts = "UT"
  revision = "a1ca0830781e007c66b225121d2cdb3a649421f6"
  version = "v1.1.10"

[[projects]]
  digest = "1:1561d3f382a9923816f744264e5ad200a94486328d39216c981e981ab4aba17f"
  name = "github.com/karrick/godirwalk"
  packages = ["."]
  pruneopts = "UT"
  revision = "99bb3743ba1bdd193cd193bcc0aeced2dd577c4d"
  version = "v1.15.6"

[[projects]]
  digest = "1:09cb61dc19af93deae01587e2fdb1c081e0bf48f1a5ad5fa24f48750dc57dce8"
  name = "github.com/konsorten/go-windows-terminal-sequences"
  packages = ["."]
  pruneopts = "UT"
  revision = "edb144dfd453055e1e49a3d8b410a660b5a87613"
  version = "v1.0.3"

[[projects]]
  digest = "1:5a0ef768465592efca0412f7e838cdc0826712f8447e70e6ccc52eb441e9ab13"
  name = "github.com/magiconair/properties"
  packages = ["."]
  pruneopts = "UT"
  revision = "de8848e004dd33dc07a2947b3d76f618a7fc7ef1"
  version = "v1.8.1"

[[projects]]
  digest = "1:f185feea652cdd12ed1683601cfeffd09c081995fc8140de046d8910709ac3dc"
  name = "github.com/mailru/easyjson"
  packages = [
    ".",
    "buffer",
    "jlexer",
    "jwriter",
  ]
  pruneopts = "UT"
  revision = "8edcc4e51f39ddbd3505a3386aff3f435a7fd028"
  version = "v0.7.1"

[[projects]]
  digest = "1:11093356d104f85fe9c76c34952b1ee8f5fa0165045de6f31186ab2c5339ce17"
  name = "github.com/markbates/errx"
  packages = ["."]
  pruneopts = "UT"
  revision = "9ba0abfab1fb7dae1b752c31e1731b4c179e7ca0"
  version = "v1.1.0"

[[projects]]
  digest = "1:be27523c7f38387942ceb80e8e0db3025cfb9532c82e582571c1e423a1fbdd42"
  name = "github.com/markbates/oncer"
  packages = ["."]
  pruneopts = "UT"
  revision = "74cf68f7e72ed26f7a701d975dbcee92cd324cbb"
  version = "v1.0.0"

[[projects]]
  digest = "1:28687e854cec240942c103259668b132a8450b05a6cc677eea2282b26ae29310"
  name = "github.com/markbates/safe"
  packages = ["."]
  pruneopts = "UT"
  revision = "6fea05a5732486546a4836b7a1d596c5ec687b98"
  version = "v1.0.1"

[[projects]]
  digest = "1:297791112a7dced4f5bcc044c447cbc3d906667884e8f792f4eb8aa1aa27f3af"
  name = "github.com/mitchellh/mapstructure"
  packages = ["."]
  pruneopts = "UT"
  revision = "d16e9488127408e67948eb43b6d3fbb9f222da10"
  version = "v1.3.2"

[[projects]]
  digest = "1:33422d238f147d247752996a26574ac48dcf472976eda7f5134015f06bf16563"
  name = "github.com/modern-go/concurrent"
  packages = ["."]
  pruneopts = "UT"
  revision = "bacd9c7ef1dd9b15be4a9909b8ac7a4e313eec94"
  version = "1.0.3"

[[projects]]
  digest = "1:e32bdbdb7c377a07a9a46378290059822efdce5c8d96fe71940d87cb4f918855"
  name = "github.com/modern-go/reflect2"
  packages = ["."]
  pruneopts = "UT"
  revision = "4b7aa43c6742a2c18fdef89dd197aaae7dac7ccd"
  version = "1.0.1"

[[projects]]
  branch = "master"
  digest = "1:c33fa4c6de86d3bf04442bd0ec3dbb1fedb294d3527083f9c8c50aa43d26418b"
  name = "github.com/oipwg/proto"
  packages = [
    "go/pb_historian",
    "go/pb_oip",
    "go/pb_oip5",
    "go/pb_oip5/pb_templates",
    "go/pb_oip5/pb_templates/livenet",
  ]
  pruneopts = "UT"
  revision = "8d38a9e025821771c045c07be49d0e74a19491ba"
  source = "github.com/bitspill/proto"

[[projects]]
  digest = "1:4f20e86a1bcec1823161483f2eca697974867f798e18f2121246f012635fe95f"
  name = "github.com/olivere/elastic"
  packages = [
    "config",
    "uritemplates",
  ]
  pruneopts = "UT"
  revision = "88b34c0b4c6ba14941d1aa2495cf48365d7c2829"
  version = "v7.0.17"

[[projects]]
  digest = "1:53aab5f59edb1cd47773bbbb5b1b6d0b76b0c9e31cfac670a0bb7ccc917e98a3"
  name = "github.com/pelletier/go-toml"
  packages = ["."]
  pruneopts = "UT"
  revision = "16c9a8bdc086a2130a88eff98df4088e4c359bb2"
  version = "v1.8.0"

[[projects]]
  digest = "1:cf31692c14422fa27c83a05292eb5cbe0fb2775972e8f1f8446a71549bd8980b"
  name = "github.com/pkg/errors"
  packages = ["."]
  pruneopts = "UT"
  revision = "ba968bfe8b2f7e042a574c888954fccecfa385b4"
  version = "v0.8.1"

[[projects]]
  digest = "1:c5dfe46811af7e2eff7c11fc84b6c841520338613c056f659f262d5a4fb42fa8"
  name = "github.com/rs/cors"
  packages = ["."]
  pruneopts = "UT"
  revision = "db0fe48135e83b5812a5a31be0eea66984b1b521"
  version = "v1.7.0"

[[projects]]
  digest = "1:05eebdd5727fea23083fce0d98d307d70c86baed644178e81608aaa9f09ea469"
  name = "github.com/sirupsen/logrus"
  packages = ["."]
  pruneopts = "UT"
  revision = "60c74ad9be0d874af0ab0daef6ab07c5c5911f0d"
  version = "v1.6.0"

[[projects]]
  digest = "1:737edd9913ce17ce195f540502be64dcc2cf14168e610ede7a945cd9bb0a8ce7"
  name = "github.com/spf13/afero"
  packages = [
    ".",
    "mem",
  ]
  pruneopts = "UT"
  revision = "64b7ddd95f1fbe60faf105741af72d8f3579e5f0"
  version = "v1.3.1"

[[projects]]
  digest = "1:ff4cd55a3666b6ea3a876c9e133bfb54d6c812e725409a773f2c94a0b3a92f4f"
  name = "github.com/spf13/cast"
  packages = ["."]
  pruneopts = "UT"
  revision = "1ffadf551085444af981432dd0f6d1160c11ec64"
  version = "v1.3.1"

[[projects]]
  digest = "1:1b753ec16506f5864d26a28b43703c58831255059644351bbcb019b843950900"
  name = "github.com/spf13/jwalterweatherman"
  packages = ["."]
  pruneopts = "UT"
  revision = "94f6ae3ed3bceceafa716478c5fbf8d29ca601a1"
  version = "v1.1.0"

[[projects]]
  digest = "1:524b71991fc7d9246cc7dc2d9e0886ccb97648091c63e30eef619e6862c955dd"
  name = "github.com/spf13/pflag"
  packages = ["."]
  pruneopts = "UT"
  revision = "2e9d26c8c37aae03e3f9d4e90b7116f5accb7cab"
  version = "v1.0.5"

[[projects]]
  digest = "1:973661255593cb4cca15cf62e3bd80cc34ee1490aae470aa61e668060838f94f"
  name = "github.com/spf13/viper"
  packages = ["."]
  pruneopts = "UT"
  revision = "13df72109047b6ae9c907bce81e327265d6d8a9c"
  version = "v1.7.0"

[[projects]]
  digest = "1:f4b32291cad5efac2bfdba89ccde6aa04618b62ce06c1a571da2dc4f3f2677fb"
  name = "github.com/subosito/gotenv"
  packages = ["."]
  pruneopts = "UT"
  revision = "2ef7124db659d49edac6aa459693a15ae36c671a"
  version = "v1.2.0"

[[projects]]
  branch = "master"
  digest = "1:64c0182a9f0dd26b7f39645caaf3f9d006fe78ab8bdb1cfb71f090a91be06c78"
  name = "golang.org/x/crypto"
  packages = [
    "pbkdf2",
    "ripemd160",
    "scrypt",
    "ssh/terminal",
  ]
  pruneopts = "UT"
  revision = "75b288015ac94e66e3d6715fb68a9b41bf046ec2"

[[projects]]
  branch = "master"
  digest = "1:3b03c3fa38e245688e9c446725a6c88fc0b48b3b39769fb66f640f3fd1908a46"
  name = "golang.org/x/sys"
  packages = [
    "internal/unsafeheader",
    "unix",
    "windows",
  ]
  pruneopts = "UT"
  revision = "ddb9806d33aed8dbaac1cd6f1cba58952e87f933"

[[projects]]
  digest = "1:a2c690dfee42801a26a0e88f69206feca8a3c2437fd476d84767468d7d7708e9"
  name = "golang.org/x/text"
  packages = [
    "internal/gen",
    "internal/triegen",
    "internal/ucd",
    "transform",
    "unicode/cldr",
    "unicode/norm",
  ]
  pruneopts = "UT"
  revision = "23ae387dee1f90d29a23c0e87ee0b46038fbed0e"
  version = "v0.3.3"

[[projects]]
  digest = "1:41c73904d888e3260dbf46b3eff98306987ff6451d6787bd8708a7d8d084d691"
  name = "google.golang.org/protobuf"
  packages = [
    "encoding/protojson",
    "encoding/prototext",
    "encoding/protowire",
    "internal/descfmt",
    "internal/descopts",
    "internal/detrand",
    "internal/encoding/defval",
    "internal/encoding/json",
    "internal/encoding/messageset",
    "internal/encoding/tag",
    "internal/encoding/text",
    "internal/errors",
    "internal/fieldsort",
    "internal/filedesc",
    "internal/filetype",
    "internal/flags",
    "internal/genid",
    "internal/impl",
    "internal/mapsort",
    "internal/pragma",
    "internal/set",
    "internal/strs",
    "internal/version",
    "proto",
    "reflect/protoreflect",
    "reflect/protoregistry",
    "runtime/protoiface",
    "runtime/protoimpl",
    "types/descriptorpb",
    "types/known/anypb",
    "types/known/durationpb",
    "types/known/emptypb",
    "types/known/structpb",
    "types/known/timestamppb",
    "types/known/wrapperspb",
  ]
  pruneopts = "UT"
  revision = "3f7a61f89bb6813f89d981d1870ed68da0b3c3f1"
  version = "v1.25.0"

[[projects]]
  digest = "1:2a8ce9278a57dba0bca00383d26744e88324c2696ad8538b3f7a69067d02d78c"
  name = "gopkg.in/ini.v1"
  packages = ["."]
  pruneopts = "UT"
  revision = "1fc6efb6f20ef065ae00baf7f4fa7722cad0ec34"
  version = "v1.57.0"

[[projects]]
  digest = "1:e35a067a6cafe6d3fac85a879a43a8ffa4240477c1da8f359aa7a48dbbdd15cb"
  name = "gopkg.in/olivere/elastic.v6"
  packages = ["."]
  pruneopts = "UT"
  revision = "43939bf9ff39c82bfb23bd48d1afe7b5ab1bdc63"
  version = "v6.2.33"

[[projects]]
  digest = "1:d7f1bd887dc650737a421b872ca883059580e9f8314d601f88025df4f4802dce"
  name = "gopkg.in/yaml.v2"
  packages = ["."]
  pruneopts = "UT"
  revision = "0b1645d91e851e735d3e23330303ce81f70adbe3"
  version = "v2.3.0"

[solve-meta]
  analyzer-name = "dep"
  analyzer-version = 1
  input-imports = [
    "github.com/asaskevich/EventBus",
    "github.com/azer/logger",
    "github.com/bitspill/flod/chaincfg",
    "github.com/bitspill/flod/chaincfg/chainhash",
    "github.com/bitspill/flod/floec",
    "github.com/bitspill/flod/flojson",
    "github.com/bitspill/flod/rpcclient",
    "github.com/bitspill/flod/wire",
    "github.com/bitspill/flosig",
    "github.com/bitspill/floutil",
    "github.com/bitspill/protoPatch",
    "github.com/cloudflare/backoff",
    "github.com/davecgh/go-spew/spew",
    "github.com/dustin/go-humanize",
    "github.com/evanphx/json-patch",
    "github.com/gobuffalo/packr/v2",
    "github.com/golang/protobuf/jsonpb",
    "github.com/golang/protobuf/proto",
    "github.com/golang/protobuf/protoc-gen-go/descriptor",
    "github.com/golang/protobuf/ptypes",
    "github.com/golang/protobuf/ptypes/any",
    "github.com/gorilla/handlers",
    "github.com/gorilla/mux",
    "github.com/hashicorp/golang-lru",
    "github.com/jhump/protoreflect/desc",
    "github.com/jhump/protoreflect/desc/builder",
    "github.com/jhump/protoreflect/dynamic",
    "github.com/json-iterator/go",
    "github.com/oipwg/proto/go/pb_historian",
    "github.com/oipwg/proto/go/pb_oip",
    "github.com/oipwg/proto/go/pb_oip5",
    "github.com/oipwg/proto/go/pb_oip5/pb_templates",
    "github.com/oipwg/proto/go/pb_oip5/pb_templates/livenet",
    "github.com/pkg/errors",
    "github.com/rs/cors",
    "github.com/spf13/pflag",
    "github.com/spf13/viper",
    "gopkg.in/olivere/elastic.v6",
  ]
  solver-name = "gps-cdcl"
  solver-version = 1
